<?xml version="1.0" encoding="utf-8"?>
<Project ToolsVersion="4.0" xmlns="http://schemas.microsoft.com/developer/msbuild/2003">
  <ItemGroup>
    <Filter Include="Client Files">
      <UniqueIdentifier>{36a53b92-0319-4a0d-8ca8-571e02a72348}</UniqueIdentifier>
    </Filter>
    <Filter Include="Main">
      <UniqueIdentifier>{ce90038d-7247-40a4-b3a4-346b2ea600aa}</UniqueIdentifier>
    </Filter>
    <Filter Include="BZip2">
      <UniqueIdentifier>{db2fcc3c-8396-40e2-8b99-c5f965d92530}</UniqueIdentifier>
    </Filter>
    <Filter Include="BZip2Wrapper">
      <UniqueIdentifier>{4b95233a-d4ab-4f19-9117-c13a1be7aef2}</UniqueIdentifier>
    </Filter>
  </ItemGroup>
  <ItemGroup>
    <ClCompile Include="..\..\DependentExtensions\Autopatcher\ApplyPatch.cpp">
      <Filter>Client Files</Filter>
    </ClCompile>
    <ClCompile Include="..\..\DependentExtensions\Autopatcher\AutopatcherClient.cpp">
      <Filter>Client Files</Filter>
    </ClCompile>
    <ClCompile Include="AutopatcherClientTest.cpp">
      <Filter>Main</Filter>
    </ClCompile>
    <ClCompile Include="..\..\DependentExtensions\bzip2-1.0.6\blocksort.c">
      <Filter>BZip2</Filter>
    </ClCompile>
    <ClCompile Include="..\..\DependentExtensions\bzip2-1.0.6\bzlib.c">
      <Filter>BZip2</Filter>
    </ClCompile>
    <ClCompile Include="..\..\DependentExtensions\bzip2-1.0.6\compress.c">
      <Filter>BZip2</Filter>
    </ClCompile>
    <ClCompile Include="..\..\DependentExtensions\bzip2-1.0.6\crctable.c">
      <Filter>BZip2</Filter>
    </ClCompile>
    <ClCompile Include="..\..\DependentExtensions\bzip2-1.0.6\decompress.c">
      <Filter>BZip2</Filter>
    </ClCompile>
    <ClCompile Include="..\..\DependentExtensions\bzip2-1.0.6\huffman.c">
      <Filter>BZip2</Filter>
    </ClCompile>
    <ClCompile Include="..\..\DependentExtensions\bzip2-1.0.6\randtable.c">
      <Filter>BZip2</Filter>
    </ClCompile>
    <ClCompile Include="..\..\DependentExtensions\Autopatcher\MemoryCompressor.cpp">
      <Filter>BZip2Wrapper</Filter>
    </ClCompile>
  </ItemGroup>
  <ItemGroup>
    <ClInclude Include="..\..\DependentExtensions\Autopatcher\ApplyPatch.h">
      <Filter>Client Files</Filter>
    </ClInclude>
    <ClInclude Include="..\..\DependentExtensions\Autopatcher\AutopatcherClient.h">
      <Filter>Client Files</Filter>
    </ClInclude>
    <ClInclude Include="..\..\Source\AutopatcherPatchContext.h">
      <Filter>Client Files</Filter>
    </ClInclude>
    <ClInclude Include="..\..\DependentExtensions\bzip2-1.0.6\bzlib.h">
      <Filter>BZip2</Filter>
    </ClInclude>
    <ClInclude Include="..\..\DependentExtensions\bzip2-1.0.6\bzlib_private.h">
      <Filter>BZip2</Filter>
    </ClInclude>
    <ClInclude Include="..\..\DependentExtensions\Autopatcher\MemoryCompressor.h">
      <Filter>BZip2Wrapper</Filter>
    </ClInclude>
  </ItemGroup>
  <ItemGroup>
    <Text Include="readme.txt" />
  </ItemGroup>
</Project>