<?xml version="1.0" encoding="utf-8"?>
<Project ToolsVersion="4.0" xmlns="http://schemas.microsoft.com/developer/msbuild/2003">
  <ItemGroup>
    <Filter Include="Source Files">
      <UniqueIdentifier>{4FC737F1-C7A5-4376-A066-2A32D752A2FF}</UniqueIdentifier>
      <Extensions>cpp;c;cc;cxx;def;odl;idl;hpj;bat;asm;asmx</Extensions>
    </Filter>
    <Filter Include="Header Files">
      <UniqueIdentifier>{93995380-89BD-4b04-88EB-625FBE52EBFB}</UniqueIdentifier>
      <Extensions>h;hpp;hxx;hm;inl;inc;xsd</Extensions>
    </Filter>
    <Filter Include="Main">
      <UniqueIdentifier>{4a77ad9a-e948-4370-87e0-d891f6a2e6cd}</UniqueIdentifier>
    </Filter>
    <Filter Include="GFx3">
      <UniqueIdentifier>{90ded814-07c7-4cfc-bb2f-a32602e934a5}</UniqueIdentifier>
    </Filter>
  </ItemGroup>
  <ItemGroup>
    <ClCompile Include="..\..\DependentExtensions\Lobby2\Lobby2Client.cpp">
      <Filter>Source Files</Filter>
    </ClCompile>
    <ClCompile Include="..\..\DependentExtensions\Lobby2\Lobby2Message.cpp">
      <Filter>Source Files</Filter>
    </ClCompile>
    <ClCompile Include="..\..\DependentExtensions\Lobby2\Lobby2Plugin.cpp">
      <Filter>Source Files</Filter>
    </ClCompile>
    <ClCompile Include="..\..\DependentExtensions\Lobby2\Lobby2Presence.cpp">
      <Filter>Source Files</Filter>
    </ClCompile>
    <ClCompile Include="..\..\DependentExtensions\Lobby2\Lobby2ResultCode.cpp">
      <Filter>Source Files</Filter>
    </ClCompile>
    <ClCompile Include="Lobby2ClientGFx3Impl.cpp">
      <Filter>Main</Filter>
    </ClCompile>
    <ClCompile Include="..\..\DependentExtensions\GFx3\FxGameDelegate.cpp">
      <Filter>GFx3</Filter>
    </ClCompile>
    <ClCompile Include="GFxPlayerTinyD3D9.cpp">
      <Filter>GFx3</Filter>
    </ClCompile>
  </ItemGroup>
  <ItemGroup>
    <ClInclude Include="..\..\DependentExtensions\Lobby2\Lobby2Presence.h">
      <Filter>Source Files</Filter>
    </ClInclude>
    <ClInclude Include="..\..\DependentExtensions\Lobby2\Lobby2Client.h">
      <Filter>Header Files</Filter>
    </ClInclude>
    <ClInclude Include="..\..\DependentExtensions\Lobby2\Lobby2Message.h">
      <Filter>Header Files</Filter>
    </ClInclude>
    <ClInclude Include="..\..\DependentExtensions\Lobby2\Lobby2Plugin.h">
      <Filter>Header Files</Filter>
    </ClInclude>
    <ClInclude Include="..\..\DependentExtensions\Lobby2\Lobby2ResultCode.h">
      <Filter>Header Files</Filter>
    </ClInclude>
    <ClInclude Include="Lobby2ClientGFx3Impl.h">
      <Filter>Main</Filter>
    </ClInclude>
    <ClInclude Include="..\..\DependentExtensions\GFx3\FxGameDelegate.h">
      <Filter>GFx3</Filter>
    </ClInclude>
  </ItemGroup>
</Project>