
Microsoft Visual Studio Solution File, Format Version 9.00
# Visual Studio 2005
Project("{8BC9CEB8-8B4A-11D0-8D11-00A0C91BC942}") = "DXTCompressor", "DXTCompressor.vcproj", "{5CBD4DE3-AB31-4800-BAE2-4FD13AD1ECD0}"
EndProject
Global
	GlobalSection(SolutionConfigurationPlatforms) = preSolution
		Debug|Win32 = Debug|Win32
		Release|Win32 = Release|Win32
	EndGlobalSection
	GlobalSection(ProjectConfigurationPlatforms) = postSolution
		{5CBD4DE3-AB31-4800-BAE2-4FD13AD1ECD0}.Debug|Win32.ActiveCfg = Debug|Win32
		{5CBD4DE3-AB31-4800-BAE2-4FD13AD1ECD0}.Debug|Win32.Build.0 = Debug|Win32
		{5CBD4DE3-AB31-4800-BAE2-4FD13AD1ECD0}.Release|Win32.ActiveCfg = Release|Win32
		{5CBD4DE3-AB31-4800-BAE2-4FD13AD1ECD0}.Release|Win32.Build.0 = Release|Win32
	EndGlobalSection
	GlobalSection(SolutionProperties) = preSolution
		HideSolutionNode = FALSE
	EndGlobalSection
EndGlobal
