<?xml version="1.0" encoding="utf-8"?>
<Project ToolsVersion="4.0" xmlns="http://schemas.microsoft.com/developer/msbuild/2003">
  <ItemGroup>
    <Filter Include="Source Files">
      <UniqueIdentifier>{4FC737F1-C7A5-4376-A066-2A32D752A2FF}</UniqueIdentifier>
      <Extensions>cpp;c;cc;cxx;def;odl;idl;hpj;bat;asm;asmx</Extensions>
    </Filter>
    <Filter Include="Header Files">
      <UniqueIdentifier>{93995380-89BD-4b04-88EB-625FBE52EBFB}</UniqueIdentifier>
      <Extensions>h;hpp;hxx;hm;inl;inc;xsd</Extensions>
    </Filter>
    <Filter Include="Main">
      <UniqueIdentifier>{7529cbd3-ce27-43df-8ab9-cccace9e2600}</UniqueIdentifier>
    </Filter>
  </ItemGroup>
  <ItemGroup>
    <ClCompile Include="..\..\DependentExtensions\Lobby2\Steam\Lobby2Client_Steam.cpp">
      <Filter>Source Files</Filter>
    </ClCompile>
    <ClCompile Include="..\..\DependentExtensions\Lobby2\Steam\Lobby2Client_Steam_Impl.cpp">
      <Filter>Source Files</Filter>
    </ClCompile>
    <ClCompile Include="..\..\DependentExtensions\Lobby2\Lobby2Message.cpp">
      <Filter>Source Files</Filter>
    </ClCompile>
    <ClCompile Include="..\..\DependentExtensions\Lobby2\Steam\Lobby2Message_Steam.cpp">
      <Filter>Source Files</Filter>
    </ClCompile>
    <ClCompile Include="..\..\DependentExtensions\Lobby2\Lobby2Plugin.cpp">
      <Filter>Source Files</Filter>
    </ClCompile>
    <ClCompile Include="..\..\DependentExtensions\Lobby2\Lobby2Presence.cpp">
      <Filter>Source Files</Filter>
    </ClCompile>
    <ClCompile Include="..\..\DependentExtensions\Lobby2\Lobby2ResultCode.cpp">
      <Filter>Source Files</Filter>
    </ClCompile>
    <ClCompile Include="main.cpp">
      <Filter>Main</Filter>
    </ClCompile>
  </ItemGroup>
  <ItemGroup>
    <ClInclude Include="..\..\DependentExtensions\Lobby2\Steam\Lobby2Client_Steam.h">
      <Filter>Header Files</Filter>
    </ClInclude>
    <ClInclude Include="..\..\DependentExtensions\Lobby2\Steam\Lobby2Client_Steam_Impl.h">
      <Filter>Header Files</Filter>
    </ClInclude>
    <ClInclude Include="..\..\DependentExtensions\Lobby2\Lobby2Message.h">
      <Filter>Header Files</Filter>
    </ClInclude>
    <ClInclude Include="..\..\DependentExtensions\Lobby2\Steam\Lobby2Message_Steam.h">
      <Filter>Header Files</Filter>
    </ClInclude>
    <ClInclude Include="..\..\DependentExtensions\Lobby2\Lobby2Plugin.h">
      <Filter>Header Files</Filter>
    </ClInclude>
    <ClInclude Include="..\..\DependentExtensions\Lobby2\Lobby2Presence.h">
      <Filter>Header Files</Filter>
    </ClInclude>
    <ClInclude Include="..\..\DependentExtensions\Lobby2\Lobby2ResultCode.h">
      <Filter>Header Files</Filter>
    </ClInclude>
  </ItemGroup>
</Project>